
Microsoft Visual Studio Solution File, Format Version 12.00
# Visual Studio Version 17
VisualStudioVersion = 17.11.35303.130
MinimumVisualStudioVersion = 10.0.40219.1
Project("{FAE04EC0-301F-11D3-BF4B-00C04F79EFBC}") = "Telegram_Bot", "Telegram_Bot\Telegram_Bot.csproj", "{2A32165F-6E05-4CC0-92B0-1D7D095B878E}"
EndProject
Global
	GlobalSection(SolutionConfigurationPlatforms) = preSolution
		Debug|Any CPU = Debug|Any CPU
		Release|Any CPU = Release|Any CPU
	EndGlobalSection
	GlobalSection(ProjectConfigurationPlatforms) = postSolution
		{2A32165F-6E05-4CC0-92B0-1D7D095B878E}.Debug|Any CPU.ActiveCfg = Debug|Any CPU
		{2A32165F-6E05-4CC0-92B0-1D7D095B878E}.Debug|Any CPU.Build.0 = Debug|Any CPU
		{2A32165F-6E05-4CC0-92B0-1D7D095B878E}.Release|Any CPU.ActiveCfg = Release|Any CPU
		{2A32165F-6E05-4CC0-92B0-1D7D095B878E}.Release|Any CPU.Build.0 = Release|Any CPU
	EndGlobalSection
	GlobalSection(SolutionProperties) = preSolution
		HideSolutionNode = FALSE
	EndGlobalSection
	GlobalSection(ExtensibilityGlobals) = postSolution
		SolutionGuid = {C4AC9C49-1F16-4D13-9595-F47580A3762E}
	EndGlobalSection
EndGlobal
